
Microsoft Visual Studio Solution File, Format Version 12.00
# Visual Studio Version 17
VisualStudioVersion = 17.3.32804.467
MinimumVisualStudioVersion = 10.0.40219.1
Project("{FAE04EC0-301F-11D3-BF4B-00C04F79EFBC}") = "ConsolePipelineRepository", "ConsolePipelineRepository.csproj", "{AC79FEC3-9708-4046-B76B-518E33FDEE0A}"
EndProject
Global
	GlobalSection(SolutionConfigurationPlatforms) = preSolution
		Debug|Any CPU = Debug|Any CPU
		Release|Any CPU = Release|Any CPU
	EndGlobalSection
	GlobalSection(ProjectConfigurationPlatforms) = postSolution
		{AC79FEC3-9708-4046-B76B-518E33FDEE0A}.Debug|Any CPU.ActiveCfg = Debug|Any CPU
		{AC79FEC3-9708-4046-B76B-518E33FDEE0A}.Debug|Any CPU.Build.0 = Debug|Any CPU
		{AC79FEC3-9708-4046-B76B-518E33FDEE0A}.Release|Any CPU.ActiveCfg = Release|Any CPU
		{AC79FEC3-9708-4046-B76B-518E33FDEE0A}.Release|Any CPU.Build.0 = Release|Any CPU
	EndGlobalSection
	GlobalSection(SolutionProperties) = preSolution
		HideSolutionNode = FALSE
	EndGlobalSection
	GlobalSection(ExtensibilityGlobals) = postSolution
		SolutionGuid = {164F3C1A-8A6A-4C11-94A5-A437C347285A}
	EndGlobalSection
EndGlobal
